schema: '2.0'
stages:
  train:
    cmd:
    - python train.py data/
    deps:
    - path: data/
      md5: dc486b811dba3582d667f8ae84e69a23.dir
      size: 131292221
      nfiles: 9736
    - path: requirements.txt
      md5: 1a36c2a51180b8ca690feb02cd3c46ce
      size: 32
    - path: train.py
      md5: 3e282a1e7fbb77905dd706b53d2116e6
      size: 2859
    params:
      params.yaml:
        batch_size: 8
        epochs: 10
        lr: 0.015
        seed: 10102022
    outs:
    - path: evaluation.json
      md5: f02ee73c520bd7e23c4f4c2f9e481afd
      size: 435
    - path: evaluation/scalars/eval/accuracy.tsv
      md5: 5a7527d47bfdc276d6ecf18cdeaa95c0
      size: 390
    - path: evaluation/scalars/eval/loss.tsv
      md5: 3446414e45817aea84eb234660576969
      size: 385
    - path: evaluation/scalars/train/accuracy.tsv
      md5: 03d2985cb34d322fac3519874b9f934b
      size: 392
    - path: evaluation/scalars/train/loss.tsv
      md5: a930a4d6843076ff00aad48603914504
      size: 385
    - path: model
      md5: 1f67288df62fad4b084c05615267c989.dir
      size: 2784925
      nfiles: 3
  inference:
    cmd: python inference.py data/
    deps:
    - path: data
      md5: dc486b811dba3582d667f8ae84e69a23.dir
      size: 131292221
      nfiles: 9736
    - path: inference.py
      md5: c493f3209ddaca3b0b5bcce7035ced70
      size: 2281
    - path: model
      md5: 1f67288df62fad4b084c05615267c989.dir
      size: 2784925
      nfiles: 3
    outs:
    - path: mispredicted
      md5: 8bd5c4b4622fd86ad852ae19991ac126.dir
      size: 537532
      nfiles: 36
    - path: predictions
      md5: 522213176ea5ceb3c92ebf2763a4916e.dir
      size: 3095395
      nfiles: 9708
